// !$*UTF8*$!
{
	archiveVersion = 1;
	classes = {
	};
	objectVersion = 51;
	objects = {

/* Begin PBXBuildFile section */
		1DDDB4E95E49D8A1F8FBB11F /* Pods_QapitalTask.framework in Frameworks */ = {isa = PBXBuildFile; fileRef = B5B864584C02F61304873516 /* Pods_QapitalTask.framework */; };
		7A1864EF4262A01F70C486E5 /* Pods_QapitalTaskTests.framework in Frameworks */ = {isa = PBXBuildFile; fileRef = 655ED751F251925736C28357 /* Pods_QapitalTaskTests.framework */; };
		81195C74EBF2821BDEDCFF98 /* Pods_QapitalTask_QapitalTaskUITests.framework in Frameworks */ = {isa = PBXBuildFile; fileRef = EDABAC9C4D629670E9D9292C /* Pods_QapitalTask_QapitalTaskUITests.framework */; };
		B751C32925D946F200498F6A /* AppDelegate.swift in Sources */ = {isa = PBXBuildFile; fileRef = B751C32825D946F200498F6A /* AppDelegate.swift */; };
		B751C32B25D946F200498F6A /* SceneDelegate.swift in Sources */ = {isa = PBXBuildFile; fileRef = B751C32A25D946F200498F6A /* SceneDelegate.swift */; };
		B751C33025D946F200498F6A /* Main.storyboard in Resources */ = {isa = PBXBuildFile; fileRef = B751C32E25D946F200498F6A /* Main.storyboard */; };
		B751C33225D946F300498F6A /* Assets.xcassets in Resources */ = {isa = PBXBuildFile; fileRef = B751C33125D946F300498F6A /* Assets.xcassets */; };
		B751C33525D946F300498F6A /* LaunchScreen.storyboard in Resources */ = {isa = PBXBuildFile; fileRef = B751C33325D946F300498F6A /* LaunchScreen.storyboard */; };
		B751C34025D946F300498F6A /* QapitalTaskTests.swift in Sources */ = {isa = PBXBuildFile; fileRef = B751C33F25D946F300498F6A /* QapitalTaskTests.swift */; };
		B751C34B25D946F300498F6A /* QapitalTaskUITests.swift in Sources */ = {isa = PBXBuildFile; fileRef = B751C34A25D946F300498F6A /* QapitalTaskUITests.swift */; };
		B751C37E25D9497400498F6A /* BaseViewController.swift in Sources */ = {isa = PBXBuildFile; fileRef = B751C37D25D9497400498F6A /* BaseViewController.swift */; };
		B751C38325D949A100498F6A /* BaseAPIService.swift in Sources */ = {isa = PBXBuildFile; fileRef = B751C38225D949A100498F6A /* BaseAPIService.swift */; };
		B751C38825D949E400498F6A /* EndPoint.swift in Sources */ = {isa = PBXBuildFile; fileRef = B751C38725D949E400498F6A /* EndPoint.swift */; };
		B751C38D25D94A1000498F6A /* BaseAPIServiceError.swift in Sources */ = {isa = PBXBuildFile; fileRef = B751C38C25D94A1000498F6A /* BaseAPIServiceError.swift */; };
		B751C39225DA662F00498F6A /* User.swift in Sources */ = {isa = PBXBuildFile; fileRef = B751C39125DA662F00498F6A /* User.swift */; };
		B751C39725DA672700498F6A /* ActivitiesWrapper.swift in Sources */ = {isa = PBXBuildFile; fileRef = B751C39625DA672700498F6A /* ActivitiesWrapper.swift */; };
		B751C39C25DA684000498F6A /* Activity.swift in Sources */ = {isa = PBXBuildFile; fileRef = B751C39B25DA684000498F6A /* Activity.swift */; };
		B751C3B525DA690000498F6A /* ActivityAPIDataManager.swift in Sources */ = {isa = PBXBuildFile; fileRef = B751C3A825DA690000498F6A /* ActivityAPIDataManager.swift */; };
		B751C3B625DA690000498F6A /* ActivityPresenter.swift in Sources */ = {isa = PBXBuildFile; fileRef = B751C3AA25DA690000498F6A /* ActivityPresenter.swift */; };
		B751C3B725DA690000498F6A /* ActivityWireFrame.swift in Sources */ = {isa = PBXBuildFile; fileRef = B751C3AC25DA690000498F6A /* ActivityWireFrame.swift */; };
		B751C3B825DA690000498F6A /* ActivityView.swift in Sources */ = {isa = PBXBuildFile; fileRef = B751C3AE25DA690000498F6A /* ActivityView.swift */; };
		B751C3B925DA690000498F6A /* ActivityProtocols.swift in Sources */ = {isa = PBXBuildFile; fileRef = B751C3B025DA690000498F6A /* ActivityProtocols.swift */; };
		B751C3BB25DA690000498F6A /* ActivityInteractor.swift in Sources */ = {isa = PBXBuildFile; fileRef = B751C3B325DA690000498F6A /* ActivityInteractor.swift */; };
		B751C3C725DA6E6400498F6A /* ActivityViewCell.swift in Sources */ = {isa = PBXBuildFile; fileRef = B751C3C525DA6E6400498F6A /* ActivityViewCell.swift */; };
		B751C3C825DA6E6400498F6A /* ActivityViewCell.xib in Resources */ = {isa = PBXBuildFile; fileRef = B751C3C625DA6E6400498F6A /* ActivityViewCell.xib */; };
		B751C3DD25DA78CC00498F6A /* UIView+CornerRadius.swift in Sources */ = {isa = PBXBuildFile; fileRef = B751C3DC25DA78CC00498F6A /* UIView+CornerRadius.swift */; };
		B751C3F525DBC11300498F6A /* PaginatedDataLoadState.swift in Sources */ = {isa = PBXBuildFile; fileRef = B751C3F425DBC11300498F6A /* PaginatedDataLoadState.swift */; };
		B751C3FA25DBC22B00498F6A /* DateManager.swift in Sources */ = {isa = PBXBuildFile; fileRef = B751C3F925DBC22B00498F6A /* DateManager.swift */; };
		B751C40825DCFB2C00498F6A /* UILabel+HTMLFormate.swift in Sources */ = {isa = PBXBuildFile; fileRef = B751C40725DCFB2C00498F6A /* UILabel+HTMLFormate.swift */; };
		B751C41A25DD2D8100498F6A /* Font.swift in Sources */ = {isa = PBXBuildFile; fileRef = B751C41925DD2D8100498F6A /* Font.swift */; };
		B751C42425DD34BD00498F6A /* BentonSans-Bold.otf in Resources */ = {isa = PBXBuildFile; fileRef = B751C3D425DA750700498F6A /* BentonSans-Bold.otf */; };
		B751C42525DD34BD00498F6A /* BentonSans-Light.otf in Resources */ = {isa = PBXBuildFile; fileRef = B751C3D125DA750700498F6A /* BentonSans-Light.otf */; };
		B751C42625DD34BD00498F6A /* BentonSans-Medium.otf in Resources */ = {isa = PBXBuildFile; fileRef = B751C3D225DA750700498F6A /* BentonSans-Medium.otf */; };
		B751C42725DD34BD00498F6A /* BentonSans-Regular.otf in Resources */ = {isa = PBXBuildFile; fileRef = B751C3D525DA750700498F6A /* BentonSans-Regular.otf */; };
/* End PBXBuildFile section */

/* Begin PBXContainerItemProxy section */
		B751C33C25D946F300498F6A /* PBXContainerItemProxy */ = {
			isa = PBXContainerItemProxy;
			containerPortal = B751C31D25D946F200498F6A /* Project object */;
			proxyType = 1;
			remoteGlobalIDString = B751C32425D946F200498F6A;
			remoteInfo = QapitalTask;
		};
		B751C34725D946F300498F6A /* PBXContainerItemProxy */ = {
			isa = PBXContainerItemProxy;
			containerPortal = B751C31D25D946F200498F6A /* Project object */;
			proxyType = 1;
			remoteGlobalIDString = B751C32425D946F200498F6A;
			remoteInfo = QapitalTask;
		};
/* End PBXContainerItemProxy section */

/* Begin PBXFileReference section */
		1B9EB53C3FE60D9214853187 /* Pods-QapitalTask-QapitalTaskUITests.debug.xcconfig */ = {isa = PBXFileReference; includeInIndex = 1; lastKnownFileType = text.xcconfig; name = "Pods-QapitalTask-QapitalTaskUITests.debug.xcconfig"; path = "Target Support Files/Pods-QapitalTask-QapitalTaskUITests/Pods-QapitalTask-QapitalTaskUITests.debug.xcconfig"; sourceTree = "<group>"; };
		30E0C63B98CC14BD7617CE2F /* Pods-QapitalTaskTests.debug.xcconfig */ = {isa = PBXFileReference; includeInIndex = 1; lastKnownFileType = text.xcconfig; name = "Pods-QapitalTaskTests.debug.xcconfig"; path = "Target Support Files/Pods-QapitalTaskTests/Pods-QapitalTaskTests.debug.xcconfig"; sourceTree = "<group>"; };
		32DBE6FC602205511ACD9E53 /* Pods-QapitalTask.debug.xcconfig */ = {isa = PBXFileReference; includeInIndex = 1; lastKnownFileType = text.xcconfig; name = "Pods-QapitalTask.debug.xcconfig"; path = "Target Support Files/Pods-QapitalTask/Pods-QapitalTask.debug.xcconfig"; sourceTree = "<group>"; };
		655ED751F251925736C28357 /* Pods_QapitalTaskTests.framework */ = {isa = PBXFileReference; explicitFileType = wrapper.framework; includeInIndex = 0; path = Pods_QapitalTaskTests.framework; sourceTree = BUILT_PRODUCTS_DIR; };
		7C77973498C7E6106FD1962D /* Pods-QapitalTask.release.xcconfig */ = {isa = PBXFileReference; includeInIndex = 1; lastKnownFileType = text.xcconfig; name = "Pods-QapitalTask.release.xcconfig"; path = "Target Support Files/Pods-QapitalTask/Pods-QapitalTask.release.xcconfig"; sourceTree = "<group>"; };
		80D7A682E2DBFCCACD9C2489 /* Pods-QapitalTaskTests.release.xcconfig */ = {isa = PBXFileReference; includeInIndex = 1; lastKnownFileType = text.xcconfig; name = "Pods-QapitalTaskTests.release.xcconfig"; path = "Target Support Files/Pods-QapitalTaskTests/Pods-QapitalTaskTests.release.xcconfig"; sourceTree = "<group>"; };
		B5B864584C02F61304873516 /* Pods_QapitalTask.framework */ = {isa = PBXFileReference; explicitFileType = wrapper.framework; includeInIndex = 0; path = Pods_QapitalTask.framework; sourceTree = BUILT_PRODUCTS_DIR; };
		B751C32525D946F200498F6A /* QapitalTask.app */ = {isa = PBXFileReference; explicitFileType = wrapper.application; includeInIndex = 0; path = QapitalTask.app; sourceTree = BUILT_PRODUCTS_DIR; };
		B751C32825D946F200498F6A /* AppDelegate.swift */ = {isa = PBXFileReference; lastKnownFileType = sourcecode.swift; path = AppDelegate.swift; sourceTree = "<group>"; };
		B751C32A25D946F200498F6A /* SceneDelegate.swift */ = {isa = PBXFileReference; lastKnownFileType = sourcecode.swift; path = SceneDelegate.swift; sourceTree = "<group>"; };
		B751C32F25D946F200498F6A /* Base */ = {isa = PBXFileReference; lastKnownFileType = file.storyboard; name = Base; path = Base.lproj/Main.storyboard; sourceTree = "<group>"; };
		B751C33125D946F300498F6A /* Assets.xcassets */ = {isa = PBXFileReference; lastKnownFileType = folder.assetcatalog; path = Assets.xcassets; sourceTree = "<group>"; };
		B751C33425D946F300498F6A /* Base */ = {isa = PBXFileReference; lastKnownFileType = file.storyboard; name = Base; path = Base.lproj/LaunchScreen.storyboard; sourceTree = "<group>"; };
		B751C33625D946F300498F6A /* Info.plist */ = {isa = PBXFileReference; lastKnownFileType = text.plist.xml; path = Info.plist; sourceTree = "<group>"; };
		B751C33B25D946F300498F6A /* QapitalTaskTests.xctest */ = {isa = PBXFileReference; explicitFileType = wrapper.cfbundle; includeInIndex = 0; path = QapitalTaskTests.xctest; sourceTree = BUILT_PRODUCTS_DIR; };
		B751C33F25D946F300498F6A /* QapitalTaskTests.swift */ = {isa = PBXFileReference; lastKnownFileType = sourcecode.swift; path = QapitalTaskTests.swift; sourceTree = "<group>"; };
		B751C34125D946F300498F6A /* Info.plist */ = {isa = PBXFileReference; lastKnownFileType = text.plist.xml; path = Info.plist; sourceTree = "<group>"; };
		B751C34625D946F300498F6A /* QapitalTaskUITests.xctest */ = {isa = PBXFileReference; explicitFileType = wrapper.cfbundle; includeInIndex = 0; path = QapitalTaskUITests.xctest; sourceTree = BUILT_PRODUCTS_DIR; };
		B751C34A25D946F300498F6A /* QapitalTaskUITests.swift */ = {isa = PBXFileReference; lastKnownFileType = sourcecode.swift; path = QapitalTaskUITests.swift; sourceTree = "<group>"; };
		B751C34C25D946F300498F6A /* Info.plist */ = {isa = PBXFileReference; lastKnownFileType = text.plist.xml; path = Info.plist; sourceTree = "<group>"; };
		B751C37D25D9497400498F6A /* BaseViewController.swift */ = {isa = PBXFileReference; lastKnownFileType = sourcecode.swift; path = BaseViewController.swift; sourceTree = "<group>"; };
		B751C38225D949A100498F6A /* BaseAPIService.swift */ = {isa = PBXFileReference; lastKnownFileType = sourcecode.swift; path = BaseAPIService.swift; sourceTree = "<group>"; };
		B751C38725D949E400498F6A /* EndPoint.swift */ = {isa = PBXFileReference; lastKnownFileType = sourcecode.swift; path = EndPoint.swift; sourceTree = "<group>"; };
		B751C38C25D94A1000498F6A /* BaseAPIServiceError.swift */ = {isa = PBXFileReference; lastKnownFileType = sourcecode.swift; path = BaseAPIServiceError.swift; sourceTree = "<group>"; };
		B751C39125DA662F00498F6A /* User.swift */ = {isa = PBXFileReference; lastKnownFileType = sourcecode.swift; path = User.swift; sourceTree = "<group>"; };
		B751C39625DA672700498F6A /* ActivitiesWrapper.swift */ = {isa = PBXFileReference; lastKnownFileType = sourcecode.swift; path = ActivitiesWrapper.swift; sourceTree = "<group>"; };
		B751C39B25DA684000498F6A /* Activity.swift */ = {isa = PBXFileReference; lastKnownFileType = sourcecode.swift; path = Activity.swift; sourceTree = "<group>"; };
		B751C3A825DA690000498F6A /* ActivityAPIDataManager.swift */ = {isa = PBXFileReference; fileEncoding = 4; lastKnownFileType = sourcecode.swift; path = ActivityAPIDataManager.swift; sourceTree = "<group>"; };
		B751C3AA25DA690000498F6A /* ActivityPresenter.swift */ = {isa = PBXFileReference; fileEncoding = 4; lastKnownFileType = sourcecode.swift; path = ActivityPresenter.swift; sourceTree = "<group>"; };
		B751C3AC25DA690000498F6A /* ActivityWireFrame.swift */ = {isa = PBXFileReference; fileEncoding = 4; lastKnownFileType = sourcecode.swift; path = ActivityWireFrame.swift; sourceTree = "<group>"; };
		B751C3AE25DA690000498F6A /* ActivityView.swift */ = {isa = PBXFileReference; fileEncoding = 4; lastKnownFileType = sourcecode.swift; path = ActivityView.swift; sourceTree = "<group>"; };
		B751C3B025DA690000498F6A /* ActivityProtocols.swift */ = {isa = PBXFileReference; fileEncoding = 4; lastKnownFileType = sourcecode.swift; path = ActivityProtocols.swift; sourceTree = "<group>"; };
		B751C3B325DA690000498F6A /* ActivityInteractor.swift */ = {isa = PBXFileReference; fileEncoding = 4; lastKnownFileType = sourcecode.swift; path = ActivityInteractor.swift; sourceTree = "<group>"; };
		B751C3C525DA6E6400498F6A /* ActivityViewCell.swift */ = {isa = PBXFileReference; lastKnownFileType = sourcecode.swift; path = ActivityViewCell.swift; sourceTree = "<group>"; };
		B751C3C625DA6E6400498F6A /* ActivityViewCell.xib */ = {isa = PBXFileReference; lastKnownFileType = file.xib; path = ActivityViewCell.xib; sourceTree = "<group>"; };
		B751C3D125DA750700498F6A /* BentonSans-Light.otf */ = {isa = PBXFileReference; lastKnownFileType = file; path = "BentonSans-Light.otf"; sourceTree = "<group>"; };
		B751C3D225DA750700498F6A /* BentonSans-Medium.otf */ = {isa = PBXFileReference; lastKnownFileType = file; path = "BentonSans-Medium.otf"; sourceTree = "<group>"; };
		B751C3D425DA750700498F6A /* BentonSans-Bold.otf */ = {isa = PBXFileReference; lastKnownFileType = file; path = "BentonSans-Bold.otf"; sourceTree = "<group>"; };
		B751C3D525DA750700498F6A /* BentonSans-Regular.otf */ = {isa = PBXFileReference; lastKnownFileType = file; path = "BentonSans-Regular.otf"; sourceTree = "<group>"; };
		B751C3DC25DA78CC00498F6A /* UIView+CornerRadius.swift */ = {isa = PBXFileReference; lastKnownFileType = sourcecode.swift; path = "UIView+CornerRadius.swift"; sourceTree = "<group>"; };
		B751C3F425DBC11300498F6A /* PaginatedDataLoadState.swift */ = {isa = PBXFileReference; lastKnownFileType = sourcecode.swift; path = PaginatedDataLoadState.swift; sourceTree = "<group>"; };
		B751C3F925DBC22B00498F6A /* DateManager.swift */ = {isa = PBXFileReference; lastKnownFileType = sourcecode.swift; path = DateManager.swift; sourceTree = "<group>"; };
		B751C40725DCFB2C00498F6A /* UILabel+HTMLFormate.swift */ = {isa = PBXFileReference; lastKnownFileType = sourcecode.swift; path = "UILabel+HTMLFormate.swift"; sourceTree = "<group>"; };
		B751C41925DD2D8100498F6A /* Font.swift */ = {isa = PBXFileReference; lastKnownFileType = sourcecode.swift; path = Font.swift; sourceTree = "<group>"; };
		D3568B30F5B8218EA9789C2E /* Pods-QapitalTask-QapitalTaskUITests.release.xcconfig */ = {isa = PBXFileReference; includeInIndex = 1; lastKnownFileType = text.xcconfig; name = "Pods-QapitalTask-QapitalTaskUITests.release.xcconfig"; path = "Target Support Files/Pods-QapitalTask-QapitalTaskUITests/Pods-QapitalTask-QapitalTaskUITests.release.xcconfig"; sourceTree = "<group>"; };
		EDABAC9C4D629670E9D9292C /* Pods_QapitalTask_QapitalTaskUITests.framework */ = {isa = PBXFileReference; explicitFileType = wrapper.framework; includeInIndex = 0; path = Pods_QapitalTask_QapitalTaskUITests.framework; sourceTree = BUILT_PRODUCTS_DIR; };
/* End PBXFileReference section */

/* Begin PBXFrameworksBuildPhase section */
		B751C32225D946F200498F6A /* Frameworks */ = {
			isa = PBXFrameworksBuildPhase;
			buildActionMask = 2147483647;
			files = (
				1DDDB4E95E49D8A1F8FBB11F /* Pods_QapitalTask.framework in Frameworks */,
			);
			runOnlyForDeploymentPostprocessing = 0;
		};
		B751C33825D946F300498F6A /* Frameworks */ = {
			isa = PBXFrameworksBuildPhase;
			buildActionMask = 2147483647;
			files = (
				7A1864EF4262A01F70C486E5 /* Pods_QapitalTaskTests.framework in Frameworks */,
			);
			runOnlyForDeploymentPostprocessing = 0;
		};
		B751C34325D946F300498F6A /* Frameworks */ = {
			isa = PBXFrameworksBuildPhase;
			buildActionMask = 2147483647;
			files = (
				81195C74EBF2821BDEDCFF98 /* Pods_QapitalTask_QapitalTaskUITests.framework in Frameworks */,
			);
			runOnlyForDeploymentPostprocessing = 0;
		};
/* End PBXFrameworksBuildPhase section */

/* Begin PBXGroup section */
		3B99C0798016EAD47ABB13CE /* Pods */ = {
			isa = PBXGroup;
			children = (
				32DBE6FC602205511ACD9E53 /* Pods-QapitalTask.debug.xcconfig */,
				7C77973498C7E6106FD1962D /* Pods-QapitalTask.release.xcconfig */,
				1B9EB53C3FE60D9214853187 /* Pods-QapitalTask-QapitalTaskUITests.debug.xcconfig */,
				D3568B30F5B8218EA9789C2E /* Pods-QapitalTask-QapitalTaskUITests.release.xcconfig */,
				30E0C63B98CC14BD7617CE2F /* Pods-QapitalTaskTests.debug.xcconfig */,
				80D7A682E2DBFCCACD9C2489 /* Pods-QapitalTaskTests.release.xcconfig */,
			);
			path = Pods;
			sourceTree = "<group>";
		};
		60F7AF8F3F78A6638A798EC9 /* Frameworks */ = {
			isa = PBXGroup;
			children = (
				B5B864584C02F61304873516 /* Pods_QapitalTask.framework */,
				EDABAC9C4D629670E9D9292C /* Pods_QapitalTask_QapitalTaskUITests.framework */,
				655ED751F251925736C28357 /* Pods_QapitalTaskTests.framework */,
			);
			name = Frameworks;
			sourceTree = "<group>";
		};
		B751C31C25D946F200498F6A = {
			isa = PBXGroup;
			children = (
				B751C32725D946F200498F6A /* QapitalTask */,
				B751C33E25D946F300498F6A /* QapitalTaskTests */,
				B751C34925D946F300498F6A /* QapitalTaskUITests */,
				B751C32625D946F200498F6A /* Products */,
				3B99C0798016EAD47ABB13CE /* Pods */,
				60F7AF8F3F78A6638A798EC9 /* Frameworks */,
			);
			sourceTree = "<group>";
		};
		B751C32625D946F200498F6A /* Products */ = {
			isa = PBXGroup;
			children = (
				B751C32525D946F200498F6A /* QapitalTask.app */,
				B751C33B25D946F300498F6A /* QapitalTaskTests.xctest */,
				B751C34625D946F300498F6A /* QapitalTaskUITests.xctest */,
			);
			name = Products;
			sourceTree = "<group>";
		};
		B751C32725D946F200498F6A /* QapitalTask */ = {
			isa = PBXGroup;
			children = (
				B751C3DB25DA78BC00498F6A /* Utilities */,
				B751C36325D9477F00498F6A /* Application */,
				B751C36E25D947F900498F6A /* Resources */,
				B751C36D25D947E100498F6A /* Storyboards */,
				B751C36B25D947C000498F6A /* Services */,
				B751C36C25D947D000498F6A /* Models */,
				B751C36A25D947B100498F6A /* Modules */,
			);
			path = QapitalTask;
			sourceTree = "<group>";
		};
		B751C33E25D946F300498F6A /* QapitalTaskTests */ = {
			isa = PBXGroup;
			children = (
				B751C33F25D946F300498F6A /* QapitalTaskTests.swift */,
				B751C34125D946F300498F6A /* Info.plist */,
			);
			path = QapitalTaskTests;
			sourceTree = "<group>";
		};
		B751C34925D946F300498F6A /* QapitalTaskUITests */ = {
			isa = PBXGroup;
			children = (
				B751C34A25D946F300498F6A /* QapitalTaskUITests.swift */,
				B751C34C25D946F300498F6A /* Info.plist */,
			);
			path = QapitalTaskUITests;
			sourceTree = "<group>";
		};
		B751C36325D9477F00498F6A /* Application */ = {
			isa = PBXGroup;
			children = (
				B751C41825DD2D7200498F6A /* Theme */,
				B751C32825D946F200498F6A /* AppDelegate.swift */,
				B751C32A25D946F200498F6A /* SceneDelegate.swift */,
				B751C37D25D9497400498F6A /* BaseViewController.swift */,
			);
			path = Application;
			sourceTree = "<group>";
		};
		B751C36A25D947B100498F6A /* Modules */ = {
			isa = PBXGroup;
			children = (
				B751C3A325DA690000498F6A /* Activity */,
			);
			path = Modules;
			sourceTree = "<group>";
		};
		B751C36B25D947C000498F6A /* Services */ = {
			isa = PBXGroup;
			children = (
				B751C38225D949A100498F6A /* BaseAPIService.swift */,
				B751C38725D949E400498F6A /* EndPoint.swift */,
				B751C38C25D94A1000498F6A /* BaseAPIServiceError.swift */,
			);
			path = Services;
			sourceTree = "<group>";
		};
		B751C36C25D947D000498F6A /* Models */ = {
			isa = PBXGroup;
			children = (
				B751C39125DA662F00498F6A /* User.swift */,
				B751C39B25DA684000498F6A /* Activity.swift */,
				B751C39625DA672700498F6A /* ActivitiesWrapper.swift */,
			);
			path = Models;
			sourceTree = "<group>";
		};
		B751C36D25D947E100498F6A /* Storyboards */ = {
			isa = PBXGroup;
			children = (
				B751C33325D946F300498F6A /* LaunchScreen.storyboard */,
				B751C32E25D946F200498F6A /* Main.storyboard */,
			);
			path = Storyboards;
			sourceTree = "<group>";
		};
		B751C36E25D947F900498F6A /* Resources */ = {
			isa = PBXGroup;
			children = (
				B751C3D025DA74EE00498F6A /* Fonts */,
				B751C33625D946F300498F6A /* Info.plist */,
				B751C33125D946F300498F6A /* Assets.xcassets */,
			);
			path = Resources;
			sourceTree = "<group>";
		};
		B751C3A325DA690000498F6A /* Activity */ = {
			isa = PBXGroup;
			children = (
				B751C3A425DA690000498F6A /* DataManager */,
				B751C3A925DA690000498F6A /* Presenter */,
				B751C3AB25DA690000498F6A /* WireFrame */,
				B751C3AD25DA690000498F6A /* View */,
				B751C3AF25DA690000498F6A /* Protocols */,
				B751C3B125DA690000498F6A /* Interactor */,
			);
			path = Activity;
			sourceTree = "<group>";
		};
		B751C3A425DA690000498F6A /* DataManager */ = {
			isa = PBXGroup;
			children = (
				B751C3A725DA690000498F6A /* API */,
			);
			path = DataManager;
			sourceTree = "<group>";
		};
		B751C3A725DA690000498F6A /* API */ = {
			isa = PBXGroup;
			children = (
				B751C3A825DA690000498F6A /* ActivityAPIDataManager.swift */,
			);
			path = API;
			sourceTree = "<group>";
		};
		B751C3A925DA690000498F6A /* Presenter */ = {
			isa = PBXGroup;
			children = (
				B751C3AA25DA690000498F6A /* ActivityPresenter.swift */,
			);
			path = Presenter;
			sourceTree = "<group>";
		};
		B751C3AB25DA690000498F6A /* WireFrame */ = {
			isa = PBXGroup;
			children = (
				B751C3AC25DA690000498F6A /* ActivityWireFrame.swift */,
			);
			path = WireFrame;
			sourceTree = "<group>";
		};
		B751C3AD25DA690000498F6A /* View */ = {
			isa = PBXGroup;
			children = (
				B751C3CC25DA6F1500498F6A /* Cell */,
				B751C3AE25DA690000498F6A /* ActivityView.swift */,
			);
			path = View;
			sourceTree = "<group>";
		};
		B751C3AF25DA690000498F6A /* Protocols */ = {
			isa = PBXGroup;
			children = (
				B751C3B025DA690000498F6A /* ActivityProtocols.swift */,
			);
			path = Protocols;
			sourceTree = "<group>";
		};
		B751C3B125DA690000498F6A /* Interactor */ = {
			isa = PBXGroup;
			children = (
				B751C3B325DA690000498F6A /* ActivityInteractor.swift */,
			);
			path = Interactor;
			sourceTree = "<group>";
		};
		B751C3CC25DA6F1500498F6A /* Cell */ = {
			isa = PBXGroup;
			children = (
				B751C3C525DA6E6400498F6A /* ActivityViewCell.swift */,
				B751C3C625DA6E6400498F6A /* ActivityViewCell.xib */,
			);
			path = Cell;
			sourceTree = "<group>";
		};
		B751C3D025DA74EE00498F6A /* Fonts */ = {
			isa = PBXGroup;
			children = (
				B751C3D425DA750700498F6A /* BentonSans-Bold.otf */,
				B751C3D125DA750700498F6A /* BentonSans-Light.otf */,
				B751C3D225DA750700498F6A /* BentonSans-Medium.otf */,
				B751C3D525DA750700498F6A /* BentonSans-Regular.otf */,
			);
			path = Fonts;
			sourceTree = "<group>";
		};
		B751C3DB25DA78BC00498F6A /* Utilities */ = {
			isa = PBXGroup;
			children = (
				B751C3DC25DA78CC00498F6A /* UIView+CornerRadius.swift */,
				B751C3F425DBC11300498F6A /* PaginatedDataLoadState.swift */,
				B751C3F925DBC22B00498F6A /* DateManager.swift */,
				B751C40725DCFB2C00498F6A /* UILabel+HTMLFormate.swift */,
			);
			path = Utilities;
			sourceTree = "<group>";
		};
		B751C41825DD2D7200498F6A /* Theme */ = {
			isa = PBXGroup;
			children = (
				B751C41925DD2D8100498F6A /* Font.swift */,
			);
			path = Theme;
			sourceTree = "<group>";
		};
/* End PBXGroup section */

/* Begin PBXNativeTarget section */
		B751C32425D946F200498F6A /* QapitalTask */ = {
			isa = PBXNativeTarget;
			buildConfigurationList = B751C34F25D946F300498F6A /* Build configuration list for PBXNativeTarget "QapitalTask" */;
			buildPhases = (
				2A969335D446507F73021CE5 /* [CP] Check Pods Manifest.lock */,
				B751C32125D946F200498F6A /* Sources */,
				B751C32225D946F200498F6A /* Frameworks */,
				B751C32325D946F200498F6A /* Resources */,
				01393DE7BD53C1B099E49D1A /* [CP] Embed Pods Frameworks */,
			);
			buildRules = (
			);
			dependencies = (
			);
			name = QapitalTask;
			productName = QapitalTask;
			productReference = B751C32525D946F200498F6A /* QapitalTask.app */;
			productType = "com.apple.product-type.application";
		};
		B751C33A25D946F300498F6A /* QapitalTaskTests */ = {
			isa = PBXNativeTarget;
			buildConfigurationList = B751C35225D946F300498F6A /* Build configuration list for PBXNativeTarget "QapitalTaskTests" */;
			buildPhases = (
				15FF07D2D1876043ED5D0247 /* [CP] Check Pods Manifest.lock */,
				B751C33725D946F300498F6A /* Sources */,
				B751C33825D946F300498F6A /* Frameworks */,
				B751C33925D946F300498F6A /* Resources */,
			);
			buildRules = (
			);
			dependencies = (
				B751C33D25D946F300498F6A /* PBXTargetDependency */,
			);
			name = QapitalTaskTests;
			productName = QapitalTaskTests;
			productReference = B751C33B25D946F300498F6A /* QapitalTaskTests.xctest */;
			productType = "com.apple.product-type.bundle.unit-test";
		};
		B751C34525D946F300498F6A /* QapitalTaskUITests */ = {
			isa = PBXNativeTarget;
			buildConfigurationList = B751C35525D946F300498F6A /* Build configuration list for PBXNativeTarget "QapitalTaskUITests" */;
			buildPhases = (
				2A0205BE49C75DDE554CC014 /* [CP] Check Pods Manifest.lock */,
				B751C34225D946F300498F6A /* Sources */,
				B751C34325D946F300498F6A /* Frameworks */,
				B751C34425D946F300498F6A /* Resources */,
				6B32A25BBBC39588816BE0BF /* [CP] Embed Pods Frameworks */,
			);
			buildRules = (
			);
			dependencies = (
				B751C34825D946F300498F6A /* PBXTargetDependency */,
			);
			name = QapitalTaskUITests;
			productName = QapitalTaskUITests;
			productReference = B751C34625D946F300498F6A /* QapitalTaskUITests.xctest */;
			productType = "com.apple.product-type.bundle.ui-testing";
		};
/* End PBXNativeTarget section */

/* Begin PBXProject section */
		B751C31D25D946F200498F6A /* Project object */ = {
			isa = PBXProject;
			attributes = {
				LastSwiftUpdateCheck = 1240;
				LastUpgradeCheck = 1240;
				TargetAttributes = {
					B751C32425D946F200498F6A = {
						CreatedOnToolsVersion = 12.4;
					};
					B751C33A25D946F300498F6A = {
						CreatedOnToolsVersion = 12.4;
						TestTargetID = B751C32425D946F200498F6A;
					};
					B751C34525D946F300498F6A = {
						CreatedOnToolsVersion = 12.4;
						TestTargetID = B751C32425D946F200498F6A;
					};
				};
			};
			buildConfigurationList = B751C32025D946F200498F6A /* Build configuration list for PBXProject "QapitalTask" */;
			compatibilityVersion = "Xcode 9.3";
			developmentRegion = en;
			hasScannedForEncodings = 0;
			knownRegions = (
				en,
				Base,
			);
			mainGroup = B751C31C25D946F200498F6A;
			productRefGroup = B751C32625D946F200498F6A /* Products */;
			projectDirPath = "";
			projectRoot = "";
			targets = (
				B751C32425D946F200498F6A /* QapitalTask */,
				B751C33A25D946F300498F6A /* QapitalTaskTests */,
				B751C34525D946F300498F6A /* QapitalTaskUITests */,
			);
		};
/* End PBXProject section */

/* Begin PBXResourcesBuildPhase section */
		B751C32325D946F200498F6A /* Resources */ = {
			isa = PBXResourcesBuildPhase;
			buildActionMask = 2147483647;
			files = (
				B751C42425DD34BD00498F6A /* BentonSans-Bold.otf in Resources */,
				B751C42525DD34BD00498F6A /* BentonSans-Light.otf in Resources */,
				B751C42625DD34BD00498F6A /* BentonSans-Medium.otf in Resources */,
				B751C42725DD34BD00498F6A /* BentonSans-Regular.otf in Resources */,
				B751C33525D946F300498F6A /* LaunchScreen.storyboard in Resources */,
				B751C3C825DA6E6400498F6A /* ActivityViewCell.xib in Resources */,
				B751C33225D946F300498F6A /* Assets.xcassets in Resources */,
				B751C33025D946F200498F6A /* Main.storyboard in Resources */,
			);
			runOnlyForDeploymentPostprocessing = 0;
		};
		B751C33925D946F300498F6A /* Resources */ = {
			isa = PBXResourcesBuildPhase;
			buildActionMask = 2147483647;
			files = (
			);
			runOnlyForDeploymentPostprocessing = 0;
		};
		B751C34425D946F300498F6A /* Resources */ = {
			isa = PBXResourcesBuildPhase;
			buildActionMask = 2147483647;
			files = (
			);
			runOnlyForDeploymentPostprocessing = 0;
		};
/* End PBXResourcesBuildPhase section */

/* Begin PBXShellScriptBuildPhase section */
		01393DE7BD53C1B099E49D1A /* [CP] Embed Pods Frameworks */ = {
			isa = PBXShellScriptBuildPhase;
			buildActionMask = 2147483647;
			files = (
			);
			inputFileListPaths = (
				"${PODS_ROOT}/Target Support Files/Pods-QapitalTask/Pods-QapitalTask-frameworks-${CONFIGURATION}-input-files.xcfilelist",
			);
			name = "[CP] Embed Pods Frameworks";
			outputFileListPaths = (
				"${PODS_ROOT}/Target Support Files/Pods-QapitalTask/Pods-QapitalTask-frameworks-${CONFIGURATION}-output-files.xcfilelist",
			);
			runOnlyForDeploymentPostprocessing = 0;
			shellPath = /bin/sh;
			shellScript = "\"${PODS_ROOT}/Target Support Files/Pods-QapitalTask/Pods-QapitalTask-frameworks.sh\"\n";
			showEnvVarsInLog = 0;
		};
		15FF07D2D1876043ED5D0247 /* [CP] Check Pods Manifest.lock */ = {
			isa = PBXShellScriptBuildPhase;
			buildActionMask = 2147483647;
			files = (
			);
			inputFileListPaths = (
			);
			inputPaths = (
				"${PODS_PODFILE_DIR_PATH}/Podfile.lock",
				"${PODS_ROOT}/Manifest.lock",
			);
			name = "[CP] Check Pods Manifest.lock";
			outputFileListPaths = (
			);
			outputPaths = (
				"$(DERIVED_FILE_DIR)/Pods-QapitalTaskTests-checkManifestLockResult.txt",
			);
			runOnlyForDeploymentPostprocessing = 0;
			shellPath = /bin/sh;
			shellScript = "diff \"${PODS_PODFILE_DIR_PATH}/Podfile.lock\" \"${PODS_ROOT}/Manifest.lock\" > /dev/null\nif [ $? != 0 ] ; then\n    # print error to STDERR\n    echo \"error: The sandbox is not in sync with the Podfile.lock. Run 'pod install' or update your CocoaPods installation.\" >&2\n    exit 1\nfi\n# This output is used by Xcode 'outputs' to avoid re-running this script phase.\necho \"SUCCESS\" > \"${SCRIPT_OUTPUT_FILE_0}\"\n";
			showEnvVarsInLog = 0;
		};
		2A0205BE49C75DDE554CC014 /* [CP] Check Pods Manifest.lock */ = {
			isa = PBXShellScriptBuildPhase;
			buildActionMask = 2147483647;
			files = (
			);
			inputFileListPaths = (
			);
			inputPaths = (
				"${PODS_PODFILE_DIR_PATH}/Podfile.lock",
				"${PODS_ROOT}/Manifest.lock",
			);
			name = "[CP] Check Pods Manifest.lock";
			outputFileListPaths = (
			);
			outputPaths = (
				"$(DERIVED_FILE_DIR)/Pods-QapitalTask-QapitalTaskUITests-checkManifestLockResult.txt",
			);
			runOnlyForDeploymentPostprocessing = 0;
			shellPath = /bin/sh;
			shellScript = "diff \"${PODS_PODFILE_DIR_PATH}/Podfile.lock\" \"${PODS_ROOT}/Manifest.lock\" > /dev/null\nif [ $? != 0 ] ; then\n    # print error to STDERR\n    echo \"error: The sandbox is not in sync with the Podfile.lock. Run 'pod install' or update your CocoaPods installation.\" >&2\n    exit 1\nfi\n# This output is used by Xcode 'outputs' to avoid re-running this script phase.\necho \"SUCCESS\" > \"${SCRIPT_OUTPUT_FILE_0}\"\n";
			showEnvVarsInLog = 0;
		};
		2A969335D446507F73021CE5 /* [CP] Check Pods Manifest.lock */ = {
			isa = PBXShellScriptBuildPhase;
			buildActionMask = 2147483647;
			files = (
			);
			inputFileListPaths = (
			);
			inputPaths = (
				"${PODS_PODFILE_DIR_PATH}/Podfile.lock",
				"${PODS_ROOT}/Manifest.lock",
			);
			name = "[CP] Check Pods Manifest.lock";
			outputFileListPaths = (
			);
			outputPaths = (
				"$(DERIVED_FILE_DIR)/Pods-QapitalTask-checkManifestLockResult.txt",
			);
			runOnlyForDeploymentPostprocessing = 0;
			shellPath = /bin/sh;
			shellScript = "diff \"${PODS_PODFILE_DIR_PATH}/Podfile.lock\" \"${PODS_ROOT}/Manifest.lock\" > /dev/null\nif [ $? != 0 ] ; then\n    # print error to STDERR\n    echo \"error: The sandbox is not in sync with the Podfile.lock. Run 'pod install' or update your CocoaPods installation.\" >&2\n    exit 1\nfi\n# This output is used by Xcode 'outputs' to avoid re-running this script phase.\necho \"SUCCESS\" > \"${SCRIPT_OUTPUT_FILE_0}\"\n";
			showEnvVarsInLog = 0;
		};
		6B32A25BBBC39588816BE0BF /* [CP] Embed Pods Frameworks */ = {
			isa = PBXShellScriptBuildPhase;
			buildActionMask = 2147483647;
			files = (
			);
			inputFileListPaths = (
				"${PODS_ROOT}/Target Support Files/Pods-QapitalTask-QapitalTaskUITests/Pods-QapitalTask-QapitalTaskUITests-frameworks-${CONFIGURATION}-input-files.xcfilelist",
			);
			name = "[CP] Embed Pods Frameworks";
			outputFileListPaths = (
				"${PODS_ROOT}/Target Support Files/Pods-QapitalTask-QapitalTaskUITests/Pods-QapitalTask-QapitalTaskUITests-frameworks-${CONFIGURATION}-output-files.xcfilelist",
			);
			runOnlyForDeploymentPostprocessing = 0;
			shellPath = /bin/sh;
			shellScript = "\"${PODS_ROOT}/Target Support Files/Pods-QapitalTask-QapitalTaskUITests/Pods-QapitalTask-QapitalTaskUITests-frameworks.sh\"\n";
			showEnvVarsInLog = 0;
		};
/* End PBXShellScriptBuildPhase section */

/* Begin PBXSourcesBuildPhase section */
		B751C32125D946F200498F6A /* Sources */ = {
			isa = PBXSourcesBuildPhase;
			buildActionMask = 2147483647;
			files = (
				B751C3FA25DBC22B00498F6A /* DateManager.swift in Sources */,
				B751C39725DA672700498F6A /* ActivitiesWrapper.swift in Sources */,
				B751C41A25DD2D8100498F6A /* Font.swift in Sources */,
				B751C3B525DA690000498F6A /* ActivityAPIDataManager.swift in Sources */,
				B751C32925D946F200498F6A /* AppDelegate.swift in Sources */,
				B751C38325D949A100498F6A /* BaseAPIService.swift in Sources */,
				B751C3DD25DA78CC00498F6A /* UIView+CornerRadius.swift in Sources */,
				B751C38D25D94A1000498F6A /* BaseAPIServiceError.swift in Sources */,
				B751C3B925DA690000498F6A /* ActivityProtocols.swift in Sources */,
				B751C3F525DBC11300498F6A /* PaginatedDataLoadState.swift in Sources */,
				B751C38825D949E400498F6A /* EndPoint.swift in Sources */,
				B751C32B25D946F200498F6A /* SceneDelegate.swift in Sources */,
				B751C39C25DA684000498F6A /* Activity.swift in Sources */,
				B751C3C725DA6E6400498F6A /* ActivityViewCell.swift in Sources */,
				B751C3BB25DA690000498F6A /* ActivityInteractor.swift in Sources */,
				B751C37E25D9497400498F6A /* BaseViewController.swift in Sources */,
				B751C3B725DA690000498F6A /* ActivityWireFrame.swift in Sources */,
				B751C40825DCFB2C00498F6A /* UILabel+HTMLFormate.swift in Sources */,
				B751C3B825DA690000498F6A /* ActivityView.swift in Sources */,
				B751C39225DA662F00498F6A /* User.swift in Sources */,
				B751C3B625DA690000498F6A /* ActivityPresenter.swift in Sources */,
			);
			runOnlyForDeploymentPostprocessing = 0;
		};
		B751C33725D946F300498F6A /* Sources */ = {
			isa = PBXSourcesBuildPhase;
			buildActionMask = 2147483647;
			files = (
				B751C34025D946F300498F6A /* QapitalTaskTests.swift in Sources */,
			);
			runOnlyForDeploymentPostprocessing = 0;
		};
		B751C34225D946F300498F6A /* Sources */ = {
			isa = PBXSourcesBuildPhase;
			buildActionMask = 2147483647;
			files = (
				B751C34B25D946F300498F6A /* QapitalTaskUITests.swift in Sources */,
			);
			runOnlyForDeploymentPostprocessing = 0;
		};
/* End PBXSourcesBuildPhase section */

/* Begin PBXTargetDependency section */
		B751C33D25D946F300498F6A /* PBXTargetDependency */ = {
			isa = PBXTargetDependency;
			target = B751C32425D946F200498F6A /* QapitalTask */;
			targetProxy = B751C33C25D946F300498F6A /* PBXContainerItemProxy */;
		};
		B751C34825D946F300498F6A /* PBXTargetDependency */ = {
			isa = PBXTargetDependency;
			target = B751C32425D946F200498F6A /* QapitalTask */;
			targetProxy = B751C34725D946F300498F6A /* PBXContainerItemProxy */;
		};
/* End PBXTargetDependency section */

/* Begin PBXVariantGroup section */
		B751C32E25D946F200498F6A /* Main.storyboard */ = {
			isa = PBXVariantGroup;
			children = (
				B751C32F25D946F200498F6A /* Base */,
			);
			name = Main.storyboard;
			sourceTree = "<group>";
		};
		B751C33325D946F300498F6A /* LaunchScreen.storyboard */ = {
			isa = PBXVariantGroup;
			children = (
				B751C33425D946F300498F6A /* Base */,
			);
			name = LaunchScreen.storyboard;
			sourceTree = "<group>";
		};
/* End PBXVariantGroup section */

/* Begin XCBuildConfiguration section */
		B751C34D25D946F300498F6A /* Debug */ = {
			isa = XCBuildConfiguration;
			buildSettings = {
				ALWAYS_SEARCH_USER_PATHS = NO;
				CLANG_ANALYZER_NONNULL = YES;
				CLANG_ANALYZER_NUMBER_OBJECT_CONVERSION = YES_AGGRESSIVE;
				CLANG_CXX_LANGUAGE_STANDARD = "gnu++14";
				CLANG_CXX_LIBRARY = "libc++";
				CLANG_ENABLE_MODULES = YES;
				CLANG_ENABLE_OBJC_ARC = YES;
				CLANG_ENABLE_OBJC_WEAK = YES;
				CLANG_WARN_BLOCK_CAPTURE_AUTORELEASING = YES;
				CLANG_WARN_BOOL_CONVERSION = YES;
				CLANG_WARN_COMMA = YES;
				CLANG_WARN_CONSTANT_CONVERSION = YES;
				CLANG_WARN_DEPRECATED_OBJC_IMPLEMENTATIONS = YES;
				CLANG_WARN_DIRECT_OBJC_ISA_USAGE = YES_ERROR;
				CLANG_WARN_DOCUMENTATION_COMMENTS = YES;
				CLANG_WARN_EMPTY_BODY = YES;
				CLANG_WARN_ENUM_CONVERSION = YES;
				CLANG_WARN_INFINITE_RECURSION = YES;
				CLANG_WARN_INT_CONVERSION = YES;
				CLANG_WARN_NON_LITERAL_NULL_CONVERSION = YES;
				CLANG_WARN_OBJC_IMPLICIT_RETAIN_SELF = YES;
				CLANG_WARN_OBJC_LITERAL_CONVERSION = YES;
				CLANG_WARN_OBJC_ROOT_CLASS = YES_ERROR;
				CLANG_WARN_QUOTED_INCLUDE_IN_FRAMEWORK_HEADER = YES;
				CLANG_WARN_RANGE_LOOP_ANALYSIS = YES;
				CLANG_WARN_STRICT_PROTOTYPES = YES;
				CLANG_WARN_SUSPICIOUS_MOVE = YES;
				CLANG_WARN_UNGUARDED_AVAILABILITY = YES_AGGRESSIVE;
				CLANG_WARN_UNREACHABLE_CODE = YES;
				CLANG_WARN__DUPLICATE_METHOD_MATCH = YES;
				COPY_PHASE_STRIP = NO;
				DEBUG_INFORMATION_FORMAT = dwarf;
				ENABLE_STRICT_OBJC_MSGSEND = YES;
				ENABLE_TESTABILITY = YES;
				GCC_C_LANGUAGE_STANDARD = gnu11;
				GCC_DYNAMIC_NO_PIC = NO;
				GCC_NO_COMMON_BLOCKS = YES;
				GCC_OPTIMIZATION_LEVEL = 0;
				GCC_PREPROCESSOR_DEFINITIONS = (
					"DEBUG=1",
					"$(inherited)",
				);
				GCC_WARN_64_TO_32_BIT_CONVERSION = YES;
				GCC_WARN_ABOUT_RETURN_TYPE = YES_ERROR;
				GCC_WARN_UNDECLARED_SELECTOR = YES;
				GCC_WARN_UNINITIALIZED_AUTOS = YES_AGGRESSIVE;
				GCC_WARN_UNUSED_FUNCTION = YES;
				GCC_WARN_UNUSED_VARIABLE = YES;
				IPHONEOS_DEPLOYMENT_TARGET = 14.4;
				MTL_ENABLE_DEBUG_INFO = INCLUDE_SOURCE;
				MTL_FAST_MATH = YES;
				ONLY_ACTIVE_ARCH = YES;
				SDKROOT = iphoneos;
				SWIFT_ACTIVE_COMPILATION_CONDITIONS = DEBUG;
				SWIFT_OPTIMIZATION_LEVEL = "-Onone";
			};
			name = Debug;
		};
		B751C34E25D946F300498F6A /* Release */ = {
			isa = XCBuildConfiguration;
			buildSettings = {
				ALWAYS_SEARCH_USER_PATHS = NO;
				CLANG_ANALYZER_NONNULL = YES;
				CLANG_ANALYZER_NUMBER_OBJECT_CONVERSION = YES_AGGRESSIVE;
				CLANG_CXX_LANGUAGE_STANDARD = "gnu++14";
				CLANG_CXX_LIBRARY = "libc++";
				CLANG_ENABLE_MODULES = YES;
				CLANG_ENABLE_OBJC_ARC = YES;
				CLANG_ENABLE_OBJC_WEAK = YES;
				CLANG_WARN_BLOCK_CAPTURE_AUTORELEASING = YES;
				CLANG_WARN_BOOL_CONVERSION = YES;
				CLANG_WARN_COMMA = YES;
				CLANG_WARN_CONSTANT_CONVERSION = YES;
				CLANG_WARN_DEPRECATED_OBJC_IMPLEMENTATIONS = YES;
				CLANG_WARN_DIRECT_OBJC_ISA_USAGE = YES_ERROR;
				CLANG_WARN_DOCUMENTATION_COMMENTS = YES;
				CLANG_WARN_EMPTY_BODY = YES;
				CLANG_WARN_ENUM_CONVERSION = YES;
				CLANG_WARN_INFINITE_RECURSION = YES;
				CLANG_WARN_INT_CONVERSION = YES;
				CLANG_WARN_NON_LITERAL_NULL_CONVERSION = YES;
				CLANG_WARN_OBJC_IMPLICIT_RETAIN_SELF = YES;
				CLANG_WARN_OBJC_LITERAL_CONVERSION = YES;
				CLANG_WARN_OBJC_ROOT_CLASS = YES_ERROR;
				CLANG_WARN_QUOTED_INCLUDE_IN_FRAMEWORK_HEADER = YES;
				CLANG_WARN_RANGE_LOOP_ANALYSIS = YES;
				CLANG_WARN_STRICT_PROTOTYPES = YES;
				CLANG_WARN_SUSPICIOUS_MOVE = YES;
				CLANG_WARN_UNGUARDED_AVAILABILITY = YES_AGGRESSIVE;
				CLANG_WARN_UNREACHABLE_CODE = YES;
				CLANG_WARN__DUPLICATE_METHOD_MATCH = YES;
				COPY_PHASE_STRIP = NO;
				DEBUG_INFORMATION_FORMAT = "dwarf-with-dsym";
				ENABLE_NS_ASSERTIONS = NO;
				ENABLE_STRICT_OBJC_MSGSEND = YES;
				GCC_C_LANGUAGE_STANDARD = gnu11;
				GCC_NO_COMMON_BLOCKS = YES;
				GCC_WARN_64_TO_32_BIT_CONVERSION = YES;
				GCC_WARN_ABOUT_RETURN_TYPE = YES_ERROR;
				GCC_WARN_UNDECLARED_SELECTOR = YES;
				GCC_WARN_UNINITIALIZED_AUTOS = YES_AGGRESSIVE;
				GCC_WARN_UNUSED_FUNCTION = YES;
				GCC_WARN_UNUSED_VARIABLE = YES;
				IPHONEOS_DEPLOYMENT_TARGET = 14.4;
				MTL_ENABLE_DEBUG_INFO = NO;
				MTL_FAST_MATH = YES;
				SDKROOT = iphoneos;
				SWIFT_COMPILATION_MODE = wholemodule;
				SWIFT_OPTIMIZATION_LEVEL = "-O";
				VALIDATE_PRODUCT = YES;
			};
			name = Release;
		};
		B751C35025D946F300498F6A /* Debug */ = {
			isa = XCBuildConfiguration;
			baseConfigurationReference = 32DBE6FC602205511ACD9E53 /* Pods-QapitalTask.debug.xcconfig */;
			buildSettings = {
				ASSETCATALOG_COMPILER_APPICON_NAME = AppIcon;
				ASSETCATALOG_COMPILER_GLOBAL_ACCENT_COLOR_NAME = AccentColor;
				CODE_SIGN_STYLE = Automatic;
				INFOPLIST_FILE = QapitalTask/Resources/Info.plist;
				LD_RUNPATH_SEARCH_PATHS = (
					"$(inherited)",
					"@executable_path/Frameworks",
				);
				PRODUCT_BUNDLE_IDENTIFIER = omima.QapitalTask;
				PRODUCT_NAME = "$(TARGET_NAME)";
				SWIFT_VERSION = 5.0;
				TARGETED_DEVICE_FAMILY = "1,2";
			};
			name = Debug;
		};
		B751C35125D946F300498F6A /* Release */ = {
			isa = XCBuildConfiguration;
			baseConfigurationReference = 7C77973498C7E6106FD1962D /* Pods-QapitalTask.release.xcconfig */;
			buildSettings = {
				ASSETCATALOG_COMPILER_APPICON_NAME = AppIcon;
				ASSETCATALOG_COMPILER_GLOBAL_ACCENT_COLOR_NAME = AccentColor;
				CODE_SIGN_STYLE = Automatic;
				INFOPLIST_FILE = QapitalTask/Resources/Info.plist;
				LD_RUNPATH_SEARCH_PATHS = (
					"$(inherited)",
					"@executable_path/Frameworks",
				);
				PRODUCT_BUNDLE_IDENTIFIER = omima.QapitalTask;
				PRODUCT_NAME = "$(TARGET_NAME)";
				SWIFT_VERSION = 5.0;
				TARGETED_DEVICE_FAMILY = "1,2";
			};
			name = Release;
		};
		B751C35325D946F300498F6A /* Debug */ = {
			isa = XCBuildConfiguration;
			baseConfigurationReference = 30E0C63B98CC14BD7617CE2F /* Pods-QapitalTaskTests.debug.xcconfig */;
			buildSettings = {
				ALWAYS_EMBED_SWIFT_STANDARD_LIBRARIES = YES;
				BUNDLE_LOADER = "$(TEST_HOST)";
				CODE_SIGN_STYLE = Automatic;
				INFOPLIST_FILE = QapitalTaskTests/Info.plist;
				IPHONEOS_DEPLOYMENT_TARGET = 14.4;
				LD_RUNPATH_SEARCH_PATHS = (
					"$(inherited)",
					"@executable_path/Frameworks",
					"@loader_path/Frameworks",
				);
				PRODUCT_BUNDLE_IDENTIFIER = omima.QapitalTaskTests;
				PRODUCT_NAME = "$(TARGET_NAME)";
				SWIFT_VERSION = 5.0;
				TARGETED_DEVICE_FAMILY = "1,2";
				TEST_HOST = "$(BUILT_PRODUCTS_DIR)/QapitalTask.app/QapitalTask";
			};
			name = Debug;
		};
		B751C35425D946F300498F6A /* Release */ = {
			isa = XCBuildConfiguration;
			baseConfigurationReference = 80D7A682E2DBFCCACD9C2489 /* Pods-QapitalTaskTests.release.xcconfig */;
			buildSettings = {
				ALWAYS_EMBED_SWIFT_STANDARD_LIBRARIES = YES;
				BUNDLE_LOADER = "$(TEST_HOST)";
				CODE_SIGN_STYLE = Automatic;
				INFOPLIST_FILE = QapitalTaskTests/Info.plist;
				IPHONEOS_DEPLOYMENT_TARGET = 14.4;
				LD_RUNPATH_SEARCH_PATHS = (
					"$(inherited)",
					"@executable_path/Frameworks",
					"@loader_path/Frameworks",
				);
				PRODUCT_BUNDLE_IDENTIFIER = omima.QapitalTaskTests;
				PRODUCT_NAME = "$(TARGET_NAME)";
				SWIFT_VERSION = 5.0;
				TARGETED_DEVICE_FAMILY = "1,2";
				TEST_HOST = "$(BUILT_PRODUCTS_DIR)/QapitalTask.app/QapitalTask";
			};
			name = Release;
		};
		B751C35625D946F300498F6A /* Debug */ = {
			isa = XCBuildConfiguration;
			baseConfigurationReference = 1B9EB53C3FE60D9214853187 /* Pods-QapitalTask-QapitalTaskUITests.debug.xcconfig */;
			buildSettings = {
				ALWAYS_EMBED_SWIFT_STANDARD_LIBRARIES = YES;
				CODE_SIGN_STYLE = Automatic;
				INFOPLIST_FILE = QapitalTaskUITests/Info.plist;
				LD_RUNPATH_SEARCH_PATHS = (
					"$(inherited)",
					"@executable_path/Frameworks",
					"@loader_path/Frameworks",
				);
				PRODUCT_BUNDLE_IDENTIFIER = omima.QapitalTaskUITests;
				PRODUCT_NAME = "$(TARGET_NAME)";
				SWIFT_VERSION = 5.0;
				TARGETED_DEVICE_FAMILY = "1,2";
				TEST_TARGET_NAME = QapitalTask;
			};
			name = Debug;
		};
		B751C35725D946F300498F6A /* Release */ = {
			isa = XCBuildConfiguration;
			baseConfigurationReference = D3568B30F5B8218EA9789C2E /* Pods-QapitalTask-QapitalTaskUITests.release.xcconfig */;
			buildSettings = {
				ALWAYS_EMBED_SWIFT_STANDARD_LIBRARIES = YES;
				CODE_SIGN_STYLE = Automatic;
				INFOPLIST_FILE = QapitalTaskUITests/Info.plist;
				LD_RUNPATH_SEARCH_PATHS = (
					"$(inherited)",
					"@executable_path/Frameworks",
					"@loader_path/Frameworks",
				);
				PRODUCT_BUNDLE_IDENTIFIER = omima.QapitalTaskUITests;
				PRODUCT_NAME = "$(TARGET_NAME)";
				SWIFT_VERSION = 5.0;
				TARGETED_DEVICE_FAMILY = "1,2";
				TEST_TARGET_NAME = QapitalTask;
			};
			name = Release;
		};
/* End XCBuildConfiguration section */

/* Begin XCConfigurationList section */
		B751C32025D946F200498F6A /* Build configuration list for PBXProject "QapitalTask" */ = {
			isa = XCConfigurationList;
			buildConfigurations = (
				B751C34D25D946F300498F6A /* Debug */,
				B751C34E25D946F300498F6A /* Release */,
			);
			defaultConfigurationIsVisible = 0;
			defaultConfigurationName = Release;
		};
		B751C34F25D946F300498F6A /* Build configuration list for PBXNativeTarget "QapitalTask" */ = {
			isa = XCConfigurationList;
			buildConfigurations = (
				B751C35025D946F300498F6A /* Debug */,
				B751C35125D946F300498F6A /* Release */,
			);
			defaultConfigurationIsVisible = 0;
			defaultConfigurationName = Release;
		};
		B751C35225D946F300498F6A /* Build configuration list for PBXNativeTarget "QapitalTaskTests" */ = {
			isa = XCConfigurationList;
			buildConfigurations = (
				B751C35325D946F300498F6A /* Debug */,
				B751C35425D946F300498F6A /* Release */,
			);
			defaultConfigurationIsVisible = 0;
			defaultConfigurationName = Release;
		};
		B751C35525D946F300498F6A /* Build configuration list for PBXNativeTarget "QapitalTaskUITests" */ = {
			isa = XCConfigurationList;
			buildConfigurations = (
				B751C35625D946F300498F6A /* Debug */,
				B751C35725D946F300498F6A /* Release */,
			);
			defaultConfigurationIsVisible = 0;
			defaultConfigurationName = Release;
		};
/* End XCConfigurationList section */
	};
	rootObject = B751C31D25D946F200498F6A /* Project object */;
}
